
Microsoft Visual Studio Solution File, Format Version 12.00
# Visual Studio Version 16
VisualStudioVersion = 16.0.30413.136
MinimumVisualStudioVersion = 10.0.40219.1
Project("{2150E333-8FDC-42A3-9474-1A3956D46DE8}") = "Product", "Product", "{39A0DD85-B01C-4086-A147-37DA273F28E2}"
EndProject
Project("{9A19103F-16F7-4668-BE54-9A1E7A4F7556}") = "Product.WebAPI", "src\Product.WebAPI\Product.WebAPI.csproj", "{522F7F65-B2E2-496D-98B7-DB8FCE50A629}"
EndProject
Project("{2150E333-8FDC-42A3-9474-1A3956D46DE8}") = "Payment", "Payment", "{B251F1D5-F9CD-44A6-B59F-007617A08F21}"
EndProject
Project("{9A19103F-16F7-4668-BE54-9A1E7A4F7556}") = "Payment.WebAPI", "src\Payment.WebAPI\Payment.WebAPI.csproj", "{3698D849-E58D-4968-BEA4-0B4C29D87AE4}"
EndProject
Project("{2150E333-8FDC-42A3-9474-1A3956D46DE8}") = "APIGateway", "APIGateway", "{30211168-2D03-434D-8845-54D9A9DBD139}"
EndProject
Project("{9A19103F-16F7-4668-BE54-9A1E7A4F7556}") = "Gateway", "src\Gateway\Gateway.csproj", "{2637DAA5-E865-4DDB-A7BC-6E4FC25D746B}"
EndProject
Project("{2150E333-8FDC-42A3-9474-1A3956D46DE8}") = "Application", "Application", "{AA3941A9-EDCA-42C4-B383-EFE863B7DA4E}"
EndProject
Project("{FAE04EC0-301F-11D3-BF4B-00C04F79EFBC}") = "ConsoleApp", "src\ConsoleApp\ConsoleApp.csproj", "{542E9AD6-3BB0-46E6-80D3-497C54B74D96}"
EndProject
Project("{2150E333-8FDC-42A3-9474-1A3956D46DE8}") = "Order", "Order", "{665AFF57-22B1-47BE-A632-4F21F76B4243}"
EndProject
Project("{FAE04EC0-301F-11D3-BF4B-00C04F79EFBC}") = "Order.WebAPI", "src\Order.WebAPI\Order.WebAPI.csproj", "{6F522A69-51F5-4930-97B9-E3228F3BFAFA}"
EndProject
Project("{2150E333-8FDC-42A3-9474-1A3956D46DE8}") = "Logging", "Logging", "{01F3301F-55DD-4088-97EA-E8DA70D644C9}"
EndProject
Project("{FAE04EC0-301F-11D3-BF4B-00C04F79EFBC}") = "Logging.WebAPI", "src\Logging.WebAPI\Logging.WebAPI.csproj", "{1301ACD8-8585-4698-9B16-CC68889B976A}"
EndProject
Project("{2150E333-8FDC-42A3-9474-1A3956D46DE8}") = "Docs", "Docs", "{0D99E8A7-55CE-4E9F-AB44-59CA29A2CB3F}"
	ProjectSection(SolutionItems) = preProject
		Readme.txt = Readme.txt
	EndProjectSection
EndProject
Global
	GlobalSection(SolutionConfigurationPlatforms) = preSolution
		Debug|Any CPU = Debug|Any CPU
		Release|Any CPU = Release|Any CPU
	EndGlobalSection
	GlobalSection(ProjectConfigurationPlatforms) = postSolution
		{522F7F65-B2E2-496D-98B7-DB8FCE50A629}.Debug|Any CPU.ActiveCfg = Debug|Any CPU
		{522F7F65-B2E2-496D-98B7-DB8FCE50A629}.Debug|Any CPU.Build.0 = Debug|Any CPU
		{522F7F65-B2E2-496D-98B7-DB8FCE50A629}.Release|Any CPU.ActiveCfg = Release|Any CPU
		{522F7F65-B2E2-496D-98B7-DB8FCE50A629}.Release|Any CPU.Build.0 = Release|Any CPU
		{3698D849-E58D-4968-BEA4-0B4C29D87AE4}.Debug|Any CPU.ActiveCfg = Debug|Any CPU
		{3698D849-E58D-4968-BEA4-0B4C29D87AE4}.Debug|Any CPU.Build.0 = Debug|Any CPU
		{3698D849-E58D-4968-BEA4-0B4C29D87AE4}.Release|Any CPU.ActiveCfg = Release|Any CPU
		{3698D849-E58D-4968-BEA4-0B4C29D87AE4}.Release|Any CPU.Build.0 = Release|Any CPU
		{2637DAA5-E865-4DDB-A7BC-6E4FC25D746B}.Debug|Any CPU.ActiveCfg = Debug|Any CPU
		{2637DAA5-E865-4DDB-A7BC-6E4FC25D746B}.Debug|Any CPU.Build.0 = Debug|Any CPU
		{2637DAA5-E865-4DDB-A7BC-6E4FC25D746B}.Release|Any CPU.ActiveCfg = Release|Any CPU
		{2637DAA5-E865-4DDB-A7BC-6E4FC25D746B}.Release|Any CPU.Build.0 = Release|Any CPU
		{542E9AD6-3BB0-46E6-80D3-497C54B74D96}.Debug|Any CPU.ActiveCfg = Debug|Any CPU
		{542E9AD6-3BB0-46E6-80D3-497C54B74D96}.Debug|Any CPU.Build.0 = Debug|Any CPU
		{542E9AD6-3BB0-46E6-80D3-497C54B74D96}.Release|Any CPU.ActiveCfg = Release|Any CPU
		{542E9AD6-3BB0-46E6-80D3-497C54B74D96}.Release|Any CPU.Build.0 = Release|Any CPU
		{6F522A69-51F5-4930-97B9-E3228F3BFAFA}.Debug|Any CPU.ActiveCfg = Debug|Any CPU
		{6F522A69-51F5-4930-97B9-E3228F3BFAFA}.Debug|Any CPU.Build.0 = Debug|Any CPU
		{6F522A69-51F5-4930-97B9-E3228F3BFAFA}.Release|Any CPU.ActiveCfg = Release|Any CPU
		{6F522A69-51F5-4930-97B9-E3228F3BFAFA}.Release|Any CPU.Build.0 = Release|Any CPU
		{1301ACD8-8585-4698-9B16-CC68889B976A}.Debug|Any CPU.ActiveCfg = Debug|Any CPU
		{1301ACD8-8585-4698-9B16-CC68889B976A}.Debug|Any CPU.Build.0 = Debug|Any CPU
		{1301ACD8-8585-4698-9B16-CC68889B976A}.Release|Any CPU.ActiveCfg = Release|Any CPU
		{1301ACD8-8585-4698-9B16-CC68889B976A}.Release|Any CPU.Build.0 = Release|Any CPU
	EndGlobalSection
	GlobalSection(SolutionProperties) = preSolution
		HideSolutionNode = FALSE
	EndGlobalSection
	GlobalSection(NestedProjects) = preSolution
		{522F7F65-B2E2-496D-98B7-DB8FCE50A629} = {39A0DD85-B01C-4086-A147-37DA273F28E2}
		{3698D849-E58D-4968-BEA4-0B4C29D87AE4} = {B251F1D5-F9CD-44A6-B59F-007617A08F21}
		{2637DAA5-E865-4DDB-A7BC-6E4FC25D746B} = {30211168-2D03-434D-8845-54D9A9DBD139}
		{542E9AD6-3BB0-46E6-80D3-497C54B74D96} = {AA3941A9-EDCA-42C4-B383-EFE863B7DA4E}
		{6F522A69-51F5-4930-97B9-E3228F3BFAFA} = {665AFF57-22B1-47BE-A632-4F21F76B4243}
		{1301ACD8-8585-4698-9B16-CC68889B976A} = {01F3301F-55DD-4088-97EA-E8DA70D644C9}
	EndGlobalSection
	GlobalSection(ExtensibilityGlobals) = postSolution
		SolutionGuid = {1374AF81-1864-415F-AD76-0D50D7403D19}
	EndGlobalSection
EndGlobal
