
Microsoft Visual Studio Solution File, Format Version 12.00
# Visual Studio Version 16
VisualStudioVersion = 16.0.30413.136
MinimumVisualStudioVersion = 10.0.40219.1
Project("{2150E333-8FDC-42A3-9474-1A3956D46DE8}") = "Inventory", "Inventory", "{39A0DD85-B01C-4086-A147-37DA273F28E2}"
EndProject
Project("{9A19103F-16F7-4668-BE54-9A1E7A4F7556}") = "Inventory.WebAPI", "src\Product.WebAPI\Inventory.WebAPI.csproj", "{522F7F65-B2E2-496D-98B7-DB8FCE50A629}"
EndProject
Project("{2150E333-8FDC-42A3-9474-1A3956D46DE8}") = "Payment", "Payment", "{B251F1D5-F9CD-44A6-B59F-007617A08F21}"
EndProject
Project("{9A19103F-16F7-4668-BE54-9A1E7A4F7556}") = "Payment.WebAPI", "src\Payment.WebAPI\Payment.WebAPI.csproj", "{3698D849-E58D-4968-BEA4-0B4C29D87AE4}"
EndProject
Project("{2150E333-8FDC-42A3-9474-1A3956D46DE8}") = "APIGateway", "APIGateway", "{30211168-2D03-434D-8845-54D9A9DBD139}"
EndProject
Project("{9A19103F-16F7-4668-BE54-9A1E7A4F7556}") = "Gateway", "src\Gateway\Gateway.csproj", "{2637DAA5-E865-4DDB-A7BC-6E4FC25D746B}"
EndProject
Project("{2150E333-8FDC-42A3-9474-1A3956D46DE8}") = "Application", "Application", "{AA3941A9-EDCA-42C4-B383-EFE863B7DA4E}"
EndProject
Project("{9A19103F-16F7-4668-BE54-9A1E7A4F7556}") = "ConsoleApp", "src\ConsoleApp\ConsoleApp.csproj", "{542E9AD6-3BB0-46E6-80D3-497C54B74D96}"
EndProject
Project("{2150E333-8FDC-42A3-9474-1A3956D46DE8}") = "Order", "Order", "{665AFF57-22B1-47BE-A632-4F21F76B4243}"
EndProject
Project("{9A19103F-16F7-4668-BE54-9A1E7A4F7556}") = "Order.WebAPI", "src\Order.WebAPI\Order.WebAPI.csproj", "{6F522A69-51F5-4930-97B9-E3228F3BFAFA}"
EndProject
Project("{2150E333-8FDC-42A3-9474-1A3956D46DE8}") = "Logging", "Logging", "{01F3301F-55DD-4088-97EA-E8DA70D644C9}"
EndProject
Project("{9A19103F-16F7-4668-BE54-9A1E7A4F7556}") = "Logging.WebAPI", "src\Logging.WebAPI\Logging.WebAPI.csproj", "{1301ACD8-8585-4698-9B16-CC68889B976A}"
EndProject
Project("{9A19103F-16F7-4668-BE54-9A1E7A4F7556}") = "Order.Core", "src\Order.Core\Order.Core.csproj", "{A86B3A88-E684-4C58-B41E-87A0F240377E}"
EndProject
Project("{9A19103F-16F7-4668-BE54-9A1E7A4F7556}") = "Order.Infrastructure", "src\Order.Infrastructure\Order.Infrastructure.csproj", "{3C76B82F-5DE8-4AEC-9291-56AF97B6BE57}"
EndProject
Project("{9A19103F-16F7-4668-BE54-9A1E7A4F7556}") = "Common", "src\Common\Common.csproj", "{5B1E3435-589F-4375-A990-87BA352DA840}"
EndProject
Project("{9A19103F-16F7-4668-BE54-9A1E7A4F7556}") = "Payment.Core", "src\Payment.Core\Payment.Core.csproj", "{4C5E1EA6-3B9F-43C1-BAFD-00239294B84D}"
EndProject
Project("{9A19103F-16F7-4668-BE54-9A1E7A4F7556}") = "Payment.Infrastructure", "src\Payment.Infrastructure\Payment.Infrastructure.csproj", "{2C37AB38-133C-4AD4-97D9-2E82C1EA976E}"
EndProject
Project("{9A19103F-16F7-4668-BE54-9A1E7A4F7556}") = "Payment.SubscriberApp", "src\Payment.SubscriberApp\Payment.SubscriberApp.csproj", "{4CF12616-BB93-4AF9-887A-075F8356C595}"
EndProject
Project("{2150E333-8FDC-42A3-9474-1A3956D46DE8}") = "Solution Items", "Solution Items", "{5A1B63C0-33D5-48E9-BD2C-0BB60E2671EA}"
	ProjectSection(SolutionItems) = preProject
		setup\docker-compose.yml = setup\docker-compose.yml
	EndProjectSection
EndProject
Project("{9A19103F-16F7-4668-BE54-9A1E7A4F7556}") = "Order.SubscriberApp", "src\Order.SubscriberApp\Order.SubscriberApp.csproj", "{ED2D85E9-11A5-41CC-AC11-D652F7519AD1}"
EndProject
Project("{9A19103F-16F7-4668-BE54-9A1E7A4F7556}") = "Common.Messages", "src\Common.Messages\Common.Messages.csproj", "{CBDE7177-DD1F-431A-8741-E709150383D0}"
EndProject
Project("{9A19103F-16F7-4668-BE54-9A1E7A4F7556}") = "Inventory.WebAPI.Client", "src\Inventory.WebAPI.Client\Inventory.WebAPI.Client.csproj", "{EE316EAB-134E-4CF2-BCE0-805B1D953117}"
EndProject
Global
	GlobalSection(SolutionConfigurationPlatforms) = preSolution
		Debug|Any CPU = Debug|Any CPU
		Release|Any CPU = Release|Any CPU
	EndGlobalSection
	GlobalSection(ProjectConfigurationPlatforms) = postSolution
		{522F7F65-B2E2-496D-98B7-DB8FCE50A629}.Debug|Any CPU.ActiveCfg = Debug|Any CPU
		{522F7F65-B2E2-496D-98B7-DB8FCE50A629}.Debug|Any CPU.Build.0 = Debug|Any CPU
		{522F7F65-B2E2-496D-98B7-DB8FCE50A629}.Release|Any CPU.ActiveCfg = Release|Any CPU
		{522F7F65-B2E2-496D-98B7-DB8FCE50A629}.Release|Any CPU.Build.0 = Release|Any CPU
		{3698D849-E58D-4968-BEA4-0B4C29D87AE4}.Debug|Any CPU.ActiveCfg = Debug|Any CPU
		{3698D849-E58D-4968-BEA4-0B4C29D87AE4}.Debug|Any CPU.Build.0 = Debug|Any CPU
		{3698D849-E58D-4968-BEA4-0B4C29D87AE4}.Release|Any CPU.ActiveCfg = Release|Any CPU
		{3698D849-E58D-4968-BEA4-0B4C29D87AE4}.Release|Any CPU.Build.0 = Release|Any CPU
		{2637DAA5-E865-4DDB-A7BC-6E4FC25D746B}.Debug|Any CPU.ActiveCfg = Debug|Any CPU
		{2637DAA5-E865-4DDB-A7BC-6E4FC25D746B}.Debug|Any CPU.Build.0 = Debug|Any CPU
		{2637DAA5-E865-4DDB-A7BC-6E4FC25D746B}.Release|Any CPU.ActiveCfg = Release|Any CPU
		{2637DAA5-E865-4DDB-A7BC-6E4FC25D746B}.Release|Any CPU.Build.0 = Release|Any CPU
		{542E9AD6-3BB0-46E6-80D3-497C54B74D96}.Debug|Any CPU.ActiveCfg = Debug|Any CPU
		{542E9AD6-3BB0-46E6-80D3-497C54B74D96}.Debug|Any CPU.Build.0 = Debug|Any CPU
		{542E9AD6-3BB0-46E6-80D3-497C54B74D96}.Release|Any CPU.ActiveCfg = Release|Any CPU
		{542E9AD6-3BB0-46E6-80D3-497C54B74D96}.Release|Any CPU.Build.0 = Release|Any CPU
		{6F522A69-51F5-4930-97B9-E3228F3BFAFA}.Debug|Any CPU.ActiveCfg = Debug|Any CPU
		{6F522A69-51F5-4930-97B9-E3228F3BFAFA}.Debug|Any CPU.Build.0 = Debug|Any CPU
		{6F522A69-51F5-4930-97B9-E3228F3BFAFA}.Release|Any CPU.ActiveCfg = Release|Any CPU
		{6F522A69-51F5-4930-97B9-E3228F3BFAFA}.Release|Any CPU.Build.0 = Release|Any CPU
		{1301ACD8-8585-4698-9B16-CC68889B976A}.Debug|Any CPU.ActiveCfg = Debug|Any CPU
		{1301ACD8-8585-4698-9B16-CC68889B976A}.Debug|Any CPU.Build.0 = Debug|Any CPU
		{1301ACD8-8585-4698-9B16-CC68889B976A}.Release|Any CPU.ActiveCfg = Release|Any CPU
		{1301ACD8-8585-4698-9B16-CC68889B976A}.Release|Any CPU.Build.0 = Release|Any CPU
		{A86B3A88-E684-4C58-B41E-87A0F240377E}.Debug|Any CPU.ActiveCfg = Debug|Any CPU
		{A86B3A88-E684-4C58-B41E-87A0F240377E}.Debug|Any CPU.Build.0 = Debug|Any CPU
		{A86B3A88-E684-4C58-B41E-87A0F240377E}.Release|Any CPU.ActiveCfg = Release|Any CPU
		{A86B3A88-E684-4C58-B41E-87A0F240377E}.Release|Any CPU.Build.0 = Release|Any CPU
		{3C76B82F-5DE8-4AEC-9291-56AF97B6BE57}.Debug|Any CPU.ActiveCfg = Debug|Any CPU
		{3C76B82F-5DE8-4AEC-9291-56AF97B6BE57}.Debug|Any CPU.Build.0 = Debug|Any CPU
		{3C76B82F-5DE8-4AEC-9291-56AF97B6BE57}.Release|Any CPU.ActiveCfg = Release|Any CPU
		{3C76B82F-5DE8-4AEC-9291-56AF97B6BE57}.Release|Any CPU.Build.0 = Release|Any CPU
		{5B1E3435-589F-4375-A990-87BA352DA840}.Debug|Any CPU.ActiveCfg = Debug|Any CPU
		{5B1E3435-589F-4375-A990-87BA352DA840}.Debug|Any CPU.Build.0 = Debug|Any CPU
		{5B1E3435-589F-4375-A990-87BA352DA840}.Release|Any CPU.ActiveCfg = Release|Any CPU
		{5B1E3435-589F-4375-A990-87BA352DA840}.Release|Any CPU.Build.0 = Release|Any CPU
		{4C5E1EA6-3B9F-43C1-BAFD-00239294B84D}.Debug|Any CPU.ActiveCfg = Debug|Any CPU
		{4C5E1EA6-3B9F-43C1-BAFD-00239294B84D}.Debug|Any CPU.Build.0 = Debug|Any CPU
		{4C5E1EA6-3B9F-43C1-BAFD-00239294B84D}.Release|Any CPU.ActiveCfg = Release|Any CPU
		{4C5E1EA6-3B9F-43C1-BAFD-00239294B84D}.Release|Any CPU.Build.0 = Release|Any CPU
		{2C37AB38-133C-4AD4-97D9-2E82C1EA976E}.Debug|Any CPU.ActiveCfg = Debug|Any CPU
		{2C37AB38-133C-4AD4-97D9-2E82C1EA976E}.Debug|Any CPU.Build.0 = Debug|Any CPU
		{2C37AB38-133C-4AD4-97D9-2E82C1EA976E}.Release|Any CPU.ActiveCfg = Release|Any CPU
		{2C37AB38-133C-4AD4-97D9-2E82C1EA976E}.Release|Any CPU.Build.0 = Release|Any CPU
		{4CF12616-BB93-4AF9-887A-075F8356C595}.Debug|Any CPU.ActiveCfg = Debug|Any CPU
		{4CF12616-BB93-4AF9-887A-075F8356C595}.Debug|Any CPU.Build.0 = Debug|Any CPU
		{4CF12616-BB93-4AF9-887A-075F8356C595}.Release|Any CPU.ActiveCfg = Release|Any CPU
		{4CF12616-BB93-4AF9-887A-075F8356C595}.Release|Any CPU.Build.0 = Release|Any CPU
		{ED2D85E9-11A5-41CC-AC11-D652F7519AD1}.Debug|Any CPU.ActiveCfg = Debug|Any CPU
		{ED2D85E9-11A5-41CC-AC11-D652F7519AD1}.Debug|Any CPU.Build.0 = Debug|Any CPU
		{ED2D85E9-11A5-41CC-AC11-D652F7519AD1}.Release|Any CPU.ActiveCfg = Release|Any CPU
		{ED2D85E9-11A5-41CC-AC11-D652F7519AD1}.Release|Any CPU.Build.0 = Release|Any CPU
		{CBDE7177-DD1F-431A-8741-E709150383D0}.Debug|Any CPU.ActiveCfg = Debug|Any CPU
		{CBDE7177-DD1F-431A-8741-E709150383D0}.Debug|Any CPU.Build.0 = Debug|Any CPU
		{CBDE7177-DD1F-431A-8741-E709150383D0}.Release|Any CPU.ActiveCfg = Release|Any CPU
		{CBDE7177-DD1F-431A-8741-E709150383D0}.Release|Any CPU.Build.0 = Release|Any CPU
		{EE316EAB-134E-4CF2-BCE0-805B1D953117}.Debug|Any CPU.ActiveCfg = Debug|Any CPU
		{EE316EAB-134E-4CF2-BCE0-805B1D953117}.Debug|Any CPU.Build.0 = Debug|Any CPU
		{EE316EAB-134E-4CF2-BCE0-805B1D953117}.Release|Any CPU.ActiveCfg = Release|Any CPU
		{EE316EAB-134E-4CF2-BCE0-805B1D953117}.Release|Any CPU.Build.0 = Release|Any CPU
	EndGlobalSection
	GlobalSection(SolutionProperties) = preSolution
		HideSolutionNode = FALSE
	EndGlobalSection
	GlobalSection(NestedProjects) = preSolution
		{522F7F65-B2E2-496D-98B7-DB8FCE50A629} = {39A0DD85-B01C-4086-A147-37DA273F28E2}
		{3698D849-E58D-4968-BEA4-0B4C29D87AE4} = {B251F1D5-F9CD-44A6-B59F-007617A08F21}
		{2637DAA5-E865-4DDB-A7BC-6E4FC25D746B} = {30211168-2D03-434D-8845-54D9A9DBD139}
		{542E9AD6-3BB0-46E6-80D3-497C54B74D96} = {AA3941A9-EDCA-42C4-B383-EFE863B7DA4E}
		{6F522A69-51F5-4930-97B9-E3228F3BFAFA} = {665AFF57-22B1-47BE-A632-4F21F76B4243}
		{1301ACD8-8585-4698-9B16-CC68889B976A} = {01F3301F-55DD-4088-97EA-E8DA70D644C9}
		{A86B3A88-E684-4C58-B41E-87A0F240377E} = {665AFF57-22B1-47BE-A632-4F21F76B4243}
		{3C76B82F-5DE8-4AEC-9291-56AF97B6BE57} = {665AFF57-22B1-47BE-A632-4F21F76B4243}
		{4C5E1EA6-3B9F-43C1-BAFD-00239294B84D} = {B251F1D5-F9CD-44A6-B59F-007617A08F21}
		{2C37AB38-133C-4AD4-97D9-2E82C1EA976E} = {B251F1D5-F9CD-44A6-B59F-007617A08F21}
		{4CF12616-BB93-4AF9-887A-075F8356C595} = {B251F1D5-F9CD-44A6-B59F-007617A08F21}
		{ED2D85E9-11A5-41CC-AC11-D652F7519AD1} = {665AFF57-22B1-47BE-A632-4F21F76B4243}
		{EE316EAB-134E-4CF2-BCE0-805B1D953117} = {39A0DD85-B01C-4086-A147-37DA273F28E2}
	EndGlobalSection
	GlobalSection(ExtensibilityGlobals) = postSolution
		SolutionGuid = {1374AF81-1864-415F-AD76-0D50D7403D19}
	EndGlobalSection
EndGlobal
